
Microsoft Visual Studio Solution File, Format Version 12.00
# Visual Studio Version 17
VisualStudioVersion = 17.10.35004.147
MinimumVisualStudioVersion = 10.0.40219.1
Project("{FAE04EC0-301F-11D3-BF4B-00C04F79EFBC}") = "Desconto_INSS", "Desconto_INSS\Desconto_INSS.csproj", "{1000345D-2849-4D97-A045-EA6BD8B4EC72}"
EndProject
Global
	GlobalSection(SolutionConfigurationPlatforms) = preSolution
		Debug|Any CPU = Debug|Any CPU
		Release|Any CPU = Release|Any CPU
	EndGlobalSection
	GlobalSection(ProjectConfigurationPlatforms) = postSolution
		{1000345D-2849-4D97-A045-EA6BD8B4EC72}.Debug|Any CPU.ActiveCfg = Debug|Any CPU
		{1000345D-2849-4D97-A045-EA6BD8B4EC72}.Debug|Any CPU.Build.0 = Debug|Any CPU
		{1000345D-2849-4D97-A045-EA6BD8B4EC72}.Release|Any CPU.ActiveCfg = Release|Any CPU
		{1000345D-2849-4D97-A045-EA6BD8B4EC72}.Release|Any CPU.Build.0 = Release|Any CPU
	EndGlobalSection
	GlobalSection(SolutionProperties) = preSolution
		HideSolutionNode = FALSE
	EndGlobalSection
	GlobalSection(ExtensibilityGlobals) = postSolution
		SolutionGuid = {56D5EB0C-4473-4A6C-9B87-2FBA200D8D5B}
	EndGlobalSection
EndGlobal
